
Microsoft Visual Studio Solution File, Format Version 12.00
# Visual Studio Version 17
VisualStudioVersion = 17.5.002.0
MinimumVisualStudioVersion = 10.0.40219.1
Project("{9A19103F-16F7-4668-BE54-9A1E7A4F7556}") = "SentSim", "SentSim.csproj", "{533457C9-4CA4-4BF7-AF8B-04AD9D5B1DF2}"
EndProject
Global
	GlobalSection(SolutionConfigurationPlatforms) = preSolution
		Debug|Any CPU = Debug|Any CPU
		Release|Any CPU = Release|Any CPU
	EndGlobalSection
	GlobalSection(ProjectConfigurationPlatforms) = postSolution
		{533457C9-4CA4-4BF7-AF8B-04AD9D5B1DF2}.Debug|Any CPU.ActiveCfg = Debug|Any CPU
		{533457C9-4CA4-4BF7-AF8B-04AD9D5B1DF2}.Debug|Any CPU.Build.0 = Debug|Any CPU
		{533457C9-4CA4-4BF7-AF8B-04AD9D5B1DF2}.Release|Any CPU.ActiveCfg = Release|Any CPU
		{533457C9-4CA4-4BF7-AF8B-04AD9D5B1DF2}.Release|Any CPU.Build.0 = Release|Any CPU
	EndGlobalSection
	GlobalSection(SolutionProperties) = preSolution
		HideSolutionNode = FALSE
	EndGlobalSection
	GlobalSection(ExtensibilityGlobals) = postSolution
		SolutionGuid = {7781B0D9-2395-465E-AF01-02614E96F0AC}
	EndGlobalSection
EndGlobal
